// !$*UTF8*$!
{
	archiveVersion = 1;
	classes = {
	};
	objectVersion = 77;
	objects = {

/* Begin PBXBuildFile section */
		CD6A2CEC2D9B8917009B2F39 /* FittedSheets in Frameworks */ = {isa = PBXBuildFile; productRef = CD6A2CEB2D9B8917009B2F39 /* FittedSheets */; };
		CD6A2D342D9D40C9009B2F39 /* BottomSheet in Frameworks */ = {isa = PBXBuildFile; productRef = CD6A2D332D9D40C9009B2F39 /* BottomSheet */; };
		CD9F7F4C2D6DD67D0026F9F3 /* Kingfisher in Frameworks */ = {isa = PBXBuildFile; productRef = CD9F7F4B2D6DD67D0026F9F3 /* Kingfisher */; };
/* End PBXBuildFile section */

/* Begin PBXContainerItemProxy section */
		CDDA3F322D6D655000BE9A16 /* PBXContainerItemProxy */ = {
			isa = PBXContainerItemProxy;
			containerPortal = CDDA3F132D6D654D00BE9A16 /* Project object */;
			proxyType = 1;
			remoteGlobalIDString = CDDA3F1A2D6D654D00BE9A16;
			remoteInfo = EnsembleCast;
		};
		CDDA3F3C2D6D655000BE9A16 /* PBXContainerItemProxy */ = {
			isa = PBXContainerItemProxy;
			containerPortal = CDDA3F132D6D654D00BE9A16 /* Project object */;
			proxyType = 1;
			remoteGlobalIDString = CDDA3F1A2D6D654D00BE9A16;
			remoteInfo = EnsembleCast;
		};
/* End PBXContainerItemProxy section */

/* Begin PBXFileReference section */
		CDDA3F1B2D6D654D00BE9A16 /* HuntFlix.app */ = {isa = PBXFileReference; explicitFileType = wrapper.application; includeInIndex = 0; path = HuntFlix.app; sourceTree = BUILT_PRODUCTS_DIR; };
		CDDA3F312D6D655000BE9A16 /* EnsembleCastTests.xctest */ = {isa = PBXFileReference; explicitFileType = wrapper.cfbundle; includeInIndex = 0; path = EnsembleCastTests.xctest; sourceTree = BUILT_PRODUCTS_DIR; };
		CDDA3F3B2D6D655000BE9A16 /* EnsembleCastUITests.xctest */ = {isa = PBXFileReference; explicitFileType = wrapper.cfbundle; includeInIndex = 0; path = EnsembleCastUITests.xctest; sourceTree = BUILT_PRODUCTS_DIR; };
/* End PBXFileReference section */

/* Begin PBXFileSystemSynchronizedBuildFileExceptionSet section */
		CDDA3F432D6D655000BE9A16 /* Exceptions for "EnsembleCast" folder in "EnsembleCast" target */ = {
			isa = PBXFileSystemSynchronizedBuildFileExceptionSet;
			membershipExceptions = (
				Info.plist,
			);
			target = CDDA3F1A2D6D654D00BE9A16 /* EnsembleCast */;
		};
/* End PBXFileSystemSynchronizedBuildFileExceptionSet section */

/* Begin PBXFileSystemSynchronizedRootGroup section */
		CDDA3F1D2D6D654D00BE9A16 /* EnsembleCast */ = {
			isa = PBXFileSystemSynchronizedRootGroup;
			exceptions = (
				CDDA3F432D6D655000BE9A16 /* Exceptions for "EnsembleCast" folder in "EnsembleCast" target */,
			);
			path = EnsembleCast;
			sourceTree = "<group>";
		};
		CDDA3F342D6D655000BE9A16 /* EnsembleCastTests */ = {
			isa = PBXFileSystemSynchronizedRootGroup;
			path = EnsembleCastTests;
			sourceTree = "<group>";
		};
		CDDA3F3E2D6D655000BE9A16 /* EnsembleCastUITests */ = {
			isa = PBXFileSystemSynchronizedRootGroup;
			path = EnsembleCastUITests;
			sourceTree = "<group>";
		};
/* End PBXFileSystemSynchronizedRootGroup section */

/* Begin PBXFrameworksBuildPhase section */
		CDDA3F182D6D654D00BE9A16 /* Frameworks */ = {
			isa = PBXFrameworksBuildPhase;
			buildActionMask = 2147483647;
			files = (
				CD6A2D342D9D40C9009B2F39 /* BottomSheet in Frameworks */,
				CD6A2CEC2D9B8917009B2F39 /* FittedSheets in Frameworks */,
				CD9F7F4C2D6DD67D0026F9F3 /* Kingfisher in Frameworks */,
			);
			runOnlyForDeploymentPostprocessing = 0;
		};
		CDDA3F2E2D6D655000BE9A16 /* Frameworks */ = {
			isa = PBXFrameworksBuildPhase;
			buildActionMask = 2147483647;
			files = (
			);
			runOnlyForDeploymentPostprocessing = 0;
		};
		CDDA3F382D6D655000BE9A16 /* Frameworks */ = {
			isa = PBXFrameworksBuildPhase;
			buildActionMask = 2147483647;
			files = (
			);
			runOnlyForDeploymentPostprocessing = 0;
		};
/* End PBXFrameworksBuildPhase section */

/* Begin PBXGroup section */
		CDDA3F122D6D654D00BE9A16 = {
			isa = PBXGroup;
			children = (
				CDDA3F1D2D6D654D00BE9A16 /* EnsembleCast */,
				CDDA3F342D6D655000BE9A16 /* EnsembleCastTests */,
				CDDA3F3E2D6D655000BE9A16 /* EnsembleCastUITests */,
				CDDA3F1C2D6D654D00BE9A16 /* Products */,
			);
			sourceTree = "<group>";
		};
		CDDA3F1C2D6D654D00BE9A16 /* Products */ = {
			isa = PBXGroup;
			children = (
				CDDA3F1B2D6D654D00BE9A16 /* HuntFlix.app */,
				CDDA3F312D6D655000BE9A16 /* EnsembleCastTests.xctest */,
				CDDA3F3B2D6D655000BE9A16 /* EnsembleCastUITests.xctest */,
			);
			name = Products;
			sourceTree = "<group>";
		};
/* End PBXGroup section */

/* Begin PBXNativeTarget section */
		CDDA3F1A2D6D654D00BE9A16 /* EnsembleCast */ = {
			isa = PBXNativeTarget;
			buildConfigurationList = CDDA3F442D6D655000BE9A16 /* Build configuration list for PBXNativeTarget "EnsembleCast" */;
			buildPhases = (
				CDDA3F172D6D654D00BE9A16 /* Sources */,
				CDDA3F182D6D654D00BE9A16 /* Frameworks */,
				CDDA3F192D6D654D00BE9A16 /* Resources */,
			);
			buildRules = (
			);
			dependencies = (
			);
			fileSystemSynchronizedGroups = (
				CDDA3F1D2D6D654D00BE9A16 /* EnsembleCast */,
			);
			name = EnsembleCast;
			productName = EnsembleCast;
			productReference = CDDA3F1B2D6D654D00BE9A16 /* HuntFlix.app */;
			productType = "com.apple.product-type.application";
		};
		CDDA3F302D6D655000BE9A16 /* EnsembleCastTests */ = {
			isa = PBXNativeTarget;
			buildConfigurationList = CDDA3F492D6D655000BE9A16 /* Build configuration list for PBXNativeTarget "EnsembleCastTests" */;
			buildPhases = (
				CDDA3F2D2D6D655000BE9A16 /* Sources */,
				CDDA3F2E2D6D655000BE9A16 /* Frameworks */,
				CDDA3F2F2D6D655000BE9A16 /* Resources */,
			);
			buildRules = (
			);
			dependencies = (
				CDDA3F332D6D655000BE9A16 /* PBXTargetDependency */,
			);
			fileSystemSynchronizedGroups = (
				CDDA3F342D6D655000BE9A16 /* EnsembleCastTests */,
			);
			name = EnsembleCastTests;
			productName = EnsembleCastTests;
			productReference = CDDA3F312D6D655000BE9A16 /* EnsembleCastTests.xctest */;
			productType = "com.apple.product-type.bundle.unit-test";
		};
		CDDA3F3A2D6D655000BE9A16 /* EnsembleCastUITests */ = {
			isa = PBXNativeTarget;
			buildConfigurationList = CDDA3F4C2D6D655000BE9A16 /* Build configuration list for PBXNativeTarget "EnsembleCastUITests" */;
			buildPhases = (
				CDDA3F372D6D655000BE9A16 /* Sources */,
				CDDA3F382D6D655000BE9A16 /* Frameworks */,
				CDDA3F392D6D655000BE9A16 /* Resources */,
			);
			buildRules = (
			);
			dependencies = (
				CDDA3F3D2D6D655000BE9A16 /* PBXTargetDependency */,
			);
			fileSystemSynchronizedGroups = (
				CDDA3F3E2D6D655000BE9A16 /* EnsembleCastUITests */,
			);
			name = EnsembleCastUITests;
			productName = EnsembleCastUITests;
			productReference = CDDA3F3B2D6D655000BE9A16 /* EnsembleCastUITests.xctest */;
			productType = "com.apple.product-type.bundle.ui-testing";
		};
/* End PBXNativeTarget section */

/* Begin PBXProject section */
		CDDA3F132D6D654D00BE9A16 /* Project object */ = {
			isa = PBXProject;
			attributes = {
				BuildIndependentTargetsInParallel = 1;
				LastSwiftUpdateCheck = 1610;
				LastUpgradeCheck = 1610;
				TargetAttributes = {
					CDDA3F1A2D6D654D00BE9A16 = {
						CreatedOnToolsVersion = 16.1;
					};
					CDDA3F302D6D655000BE9A16 = {
						CreatedOnToolsVersion = 16.1;
						TestTargetID = CDDA3F1A2D6D654D00BE9A16;
					};
					CDDA3F3A2D6D655000BE9A16 = {
						CreatedOnToolsVersion = 16.1;
						TestTargetID = CDDA3F1A2D6D654D00BE9A16;
					};
				};
			};
			buildConfigurationList = CDDA3F162D6D654D00BE9A16 /* Build configuration list for PBXProject "EnsembleCast" */;
			developmentRegion = en;
			hasScannedForEncodings = 0;
			knownRegions = (
				en,
				Base,
			);
			mainGroup = CDDA3F122D6D654D00BE9A16;
			minimizedProjectReferenceProxies = 1;
			packageReferences = (
				CD9F7F4A2D6DD67D0026F9F3 /* XCRemoteSwiftPackageReference "Kingfisher" */,
				CD6A2CEA2D9B8917009B2F39 /* XCRemoteSwiftPackageReference "FittedSheets" */,
				CD6A2D322D9D40C9009B2F39 /* XCRemoteSwiftPackageReference "BottomSheet" */,
			);
			preferredProjectObjectVersion = 77;
			productRefGroup = CDDA3F1C2D6D654D00BE9A16 /* Products */;
			projectDirPath = "";
			projectRoot = "";
			targets = (
				CDDA3F1A2D6D654D00BE9A16 /* EnsembleCast */,
				CDDA3F302D6D655000BE9A16 /* EnsembleCastTests */,
				CDDA3F3A2D6D655000BE9A16 /* EnsembleCastUITests */,
			);
		};
/* End PBXProject section */

/* Begin PBXResourcesBuildPhase section */
		CDDA3F192D6D654D00BE9A16 /* Resources */ = {
			isa = PBXResourcesBuildPhase;
			buildActionMask = 2147483647;
			files = (
			);
			runOnlyForDeploymentPostprocessing = 0;
		};
		CDDA3F2F2D6D655000BE9A16 /* Resources */ = {
			isa = PBXResourcesBuildPhase;
			buildActionMask = 2147483647;
			files = (
			);
			runOnlyForDeploymentPostprocessing = 0;
		};
		CDDA3F392D6D655000BE9A16 /* Resources */ = {
			isa = PBXResourcesBuildPhase;
			buildActionMask = 2147483647;
			files = (
			);
			runOnlyForDeploymentPostprocessing = 0;
		};
/* End PBXResourcesBuildPhase section */

/* Begin PBXSourcesBuildPhase section */
		CDDA3F172D6D654D00BE9A16 /* Sources */ = {
			isa = PBXSourcesBuildPhase;
			buildActionMask = 2147483647;
			files = (
			);
			runOnlyForDeploymentPostprocessing = 0;
		};
		CDDA3F2D2D6D655000BE9A16 /* Sources */ = {
			isa = PBXSourcesBuildPhase;
			buildActionMask = 2147483647;
			files = (
			);
			runOnlyForDeploymentPostprocessing = 0;
		};
		CDDA3F372D6D655000BE9A16 /* Sources */ = {
			isa = PBXSourcesBuildPhase;
			buildActionMask = 2147483647;
			files = (
			);
			runOnlyForDeploymentPostprocessing = 0;
		};
/* End PBXSourcesBuildPhase section */

/* Begin PBXTargetDependency section */
		CDDA3F332D6D655000BE9A16 /* PBXTargetDependency */ = {
			isa = PBXTargetDependency;
			target = CDDA3F1A2D6D654D00BE9A16 /* EnsembleCast */;
			targetProxy = CDDA3F322D6D655000BE9A16 /* PBXContainerItemProxy */;
		};
		CDDA3F3D2D6D655000BE9A16 /* PBXTargetDependency */ = {
			isa = PBXTargetDependency;
			target = CDDA3F1A2D6D654D00BE9A16 /* EnsembleCast */;
			targetProxy = CDDA3F3C2D6D655000BE9A16 /* PBXContainerItemProxy */;
		};
/* End PBXTargetDependency section */

/* Begin XCBuildConfiguration section */
		CDDA3F452D6D655000BE9A16 /* Debug */ = {
			isa = XCBuildConfiguration;
			buildSettings = {
				ASSETCATALOG_COMPILER_APPICON_NAME = AppIcon;
				ASSETCATALOG_COMPILER_GLOBAL_ACCENT_COLOR_NAME = AccentColor;
				CODE_SIGN_STYLE = Automatic;
				CURRENT_PROJECT_VERSION = 1;
				DEVELOPMENT_TEAM = 887FRY5FJ3;
				ENABLE_USER_SCRIPT_SANDBOXING = NO;
				GENERATE_INFOPLIST_FILE = YES;
				INFOPLIST_FILE = EnsembleCast/Info.plist;
				INFOPLIST_KEY_UIApplicationSupportsIndirectInputEvents = YES;
				INFOPLIST_KEY_UILaunchStoryboardName = LaunchScreen;
				INFOPLIST_KEY_UISupportedInterfaceOrientations = "UIInterfaceOrientationLandscapeLeft UIInterfaceOrientationPortrait";
				INFOPLIST_KEY_UISupportedInterfaceOrientations_iPad = "UIInterfaceOrientationLandscapeLeft UIInterfaceOrientationPortrait UIInterfaceOrientationPortraitUpsideDown";
				IPHONEOS_DEPLOYMENT_TARGET = 16.0;
				LD_RUNPATH_SEARCH_PATHS = (
					"$(inherited)",
					"@executable_path/Frameworks",
				);
				MARKETING_VERSION = 1.0;
				PRODUCT_BUNDLE_IDENTIFIER = com.leoio.EnsembleCast;
				PRODUCT_NAME = HuntFlix;
				SWIFT_EMIT_LOC_STRINGS = YES;
				SWIFT_VERSION = 5.0;
				TARGETED_DEVICE_FAMILY = "1,2";
			};
			name = Debug;
		};
		CDDA3F462D6D655000BE9A16 /* Release */ = {
			isa = XCBuildConfiguration;
			buildSettings = {
				ASSETCATALOG_COMPILER_APPICON_NAME = AppIcon;
				ASSETCATALOG_COMPILER_GLOBAL_ACCENT_COLOR_NAME = AccentColor;
				CODE_SIGN_STYLE = Automatic;
				CURRENT_PROJECT_VERSION = 1;
				DEVELOPMENT_TEAM = 887FRY5FJ3;
				ENABLE_USER_SCRIPT_SANDBOXING = NO;
				GENERATE_INFOPLIST_FILE = YES;
				INFOPLIST_FILE = EnsembleCast/Info.plist;
				INFOPLIST_KEY_UIApplicationSupportsIndirectInputEvents = YES;
				INFOPLIST_KEY_UILaunchStoryboardName = LaunchScreen;
				INFOPLIST_KEY_UISupportedInterfaceOrientations = "UIInterfaceOrientationLandscapeLeft UIInterfaceOrientationPortrait";
				INFOPLIST_KEY_UISupportedInterfaceOrientations_iPad = "UIInterfaceOrientationLandscapeLeft UIInterfaceOrientationPortrait UIInterfaceOrientationPortraitUpsideDown";
				IPHONEOS_DEPLOYMENT_TARGET = 16.0;
				LD_RUNPATH_SEARCH_PATHS = (
					"$(inherited)",
					"@executable_path/Frameworks",
				);
				MARKETING_VERSION = 1.0;
				PRODUCT_BUNDLE_IDENTIFIER = com.leoio.EnsembleCast;
				PRODUCT_NAME = HuntFlix;
				SWIFT_EMIT_LOC_STRINGS = YES;
				SWIFT_VERSION = 5.0;
				TARGETED_DEVICE_FAMILY = "1,2";
			};
			name = Release;
		};
		CDDA3F472D6D655000BE9A16 /* Debug */ = {
			isa = XCBuildConfiguration;
			buildSettings = {
				ALWAYS_SEARCH_USER_PATHS = NO;
				ASSETCATALOG_COMPILER_GENERATE_SWIFT_ASSET_SYMBOL_EXTENSIONS = YES;
				CLANG_ANALYZER_NONNULL = YES;
				CLANG_ANALYZER_NUMBER_OBJECT_CONVERSION = YES_AGGRESSIVE;
				CLANG_CXX_LANGUAGE_STANDARD = "gnu++20";
				CLANG_ENABLE_MODULES = YES;
				CLANG_ENABLE_OBJC_ARC = YES;
				CLANG_ENABLE_OBJC_WEAK = YES;
				CLANG_WARN_BLOCK_CAPTURE_AUTORELEASING = YES;
				CLANG_WARN_BOOL_CONVERSION = YES;
				CLANG_WARN_COMMA = YES;
				CLANG_WARN_CONSTANT_CONVERSION = YES;
				CLANG_WARN_DEPRECATED_OBJC_IMPLEMENTATIONS = YES;
				CLANG_WARN_DIRECT_OBJC_ISA_USAGE = YES_ERROR;
				CLANG_WARN_DOCUMENTATION_COMMENTS = YES;
				CLANG_WARN_EMPTY_BODY = YES;
				CLANG_WARN_ENUM_CONVERSION = YES;
				CLANG_WARN_INFINITE_RECURSION = YES;
				CLANG_WARN_INT_CONVERSION = YES;
				CLANG_WARN_NON_LITERAL_NULL_CONVERSION = YES;
				CLANG_WARN_OBJC_IMPLICIT_RETAIN_SELF = YES;
				CLANG_WARN_OBJC_LITERAL_CONVERSION = YES;
				CLANG_WARN_OBJC_ROOT_CLASS = YES_ERROR;
				CLANG_WARN_QUOTED_INCLUDE_IN_FRAMEWORK_HEADER = YES;
				CLANG_WARN_RANGE_LOOP_ANALYSIS = YES;
				CLANG_WARN_STRICT_PROTOTYPES = YES;
				CLANG_WARN_SUSPICIOUS_MOVE = YES;
				CLANG_WARN_UNGUARDED_AVAILABILITY = YES_AGGRESSIVE;
				CLANG_WARN_UNREACHABLE_CODE = YES;
				CLANG_WARN__DUPLICATE_METHOD_MATCH = YES;
				COPY_PHASE_STRIP = NO;
				DEBUG_INFORMATION_FORMAT = dwarf;
				ENABLE_STRICT_OBJC_MSGSEND = YES;
				ENABLE_TESTABILITY = YES;
				ENABLE_USER_SCRIPT_SANDBOXING = YES;
				GCC_C_LANGUAGE_STANDARD = gnu17;
				GCC_DYNAMIC_NO_PIC = NO;
				GCC_NO_COMMON_BLOCKS = YES;
				GCC_OPTIMIZATION_LEVEL = 0;
				GCC_PREPROCESSOR_DEFINITIONS = (
					"DEBUG=1",
					"$(inherited)",
				);
				GCC_WARN_64_TO_32_BIT_CONVERSION = YES;
				GCC_WARN_ABOUT_RETURN_TYPE = YES_ERROR;
				GCC_WARN_UNDECLARED_SELECTOR = YES;
				GCC_WARN_UNINITIALIZED_AUTOS = YES_AGGRESSIVE;
				GCC_WARN_UNUSED_FUNCTION = YES;
				GCC_WARN_UNUSED_VARIABLE = YES;
				IPHONEOS_DEPLOYMENT_TARGET = 18.1;
				LOCALIZATION_PREFERS_STRING_CATALOGS = YES;
				MTL_ENABLE_DEBUG_INFO = INCLUDE_SOURCE;
				MTL_FAST_MATH = YES;
				ONLY_ACTIVE_ARCH = YES;
				SDKROOT = iphoneos;
				SWIFT_ACTIVE_COMPILATION_CONDITIONS = "DEBUG $(inherited)";
				SWIFT_OPTIMIZATION_LEVEL = "-Onone";
			};
			name = Debug;
		};
		CDDA3F482D6D655000BE9A16 /* Release */ = {
			isa = XCBuildConfiguration;
			buildSettings = {
				ALWAYS_SEARCH_USER_PATHS = NO;
				ASSETCATALOG_COMPILER_GENERATE_SWIFT_ASSET_SYMBOL_EXTENSIONS = YES;
				CLANG_ANALYZER_NONNULL = YES;
				CLANG_ANALYZER_NUMBER_OBJECT_CONVERSION = YES_AGGRESSIVE;
				CLANG_CXX_LANGUAGE_STANDARD = "gnu++20";
				CLANG_ENABLE_MODULES = YES;
				CLANG_ENABLE_OBJC_ARC = YES;
				CLANG_ENABLE_OBJC_WEAK = YES;
				CLANG_WARN_BLOCK_CAPTURE_AUTORELEASING = YES;
				CLANG_WARN_BOOL_CONVERSION = YES;
				CLANG_WARN_COMMA = YES;
				CLANG_WARN_CONSTANT_CONVERSION = YES;
				CLANG_WARN_DEPRECATED_OBJC_IMPLEMENTATIONS = YES;
				CLANG_WARN_DIRECT_OBJC_ISA_USAGE = YES_ERROR;
				CLANG_WARN_DOCUMENTATION_COMMENTS = YES;
				CLANG_WARN_EMPTY_BODY = YES;
				CLANG_WARN_ENUM_CONVERSION = YES;
				CLANG_WARN_INFINITE_RECURSION = YES;
				CLANG_WARN_INT_CONVERSION = YES;
				CLANG_WARN_NON_LITERAL_NULL_CONVERSION = YES;
				CLANG_WARN_OBJC_IMPLICIT_RETAIN_SELF = YES;
				CLANG_WARN_OBJC_LITERAL_CONVERSION = YES;
				CLANG_WARN_OBJC_ROOT_CLASS = YES_ERROR;
				CLANG_WARN_QUOTED_INCLUDE_IN_FRAMEWORK_HEADER = YES;
				CLANG_WARN_RANGE_LOOP_ANALYSIS = YES;
				CLANG_WARN_STRICT_PROTOTYPES = YES;
				CLANG_WARN_SUSPICIOUS_MOVE = YES;
				CLANG_WARN_UNGUARDED_AVAILABILITY = YES_AGGRESSIVE;
				CLANG_WARN_UNREACHABLE_CODE = YES;
				CLANG_WARN__DUPLICATE_METHOD_MATCH = YES;
				COPY_PHASE_STRIP = NO;
				DEBUG_INFORMATION_FORMAT = "dwarf-with-dsym";
				ENABLE_NS_ASSERTIONS = NO;
				ENABLE_STRICT_OBJC_MSGSEND = YES;
				ENABLE_USER_SCRIPT_SANDBOXING = YES;
				GCC_C_LANGUAGE_STANDARD = gnu17;
				GCC_NO_COMMON_BLOCKS = YES;
				GCC_WARN_64_TO_32_BIT_CONVERSION = YES;
				GCC_WARN_ABOUT_RETURN_TYPE = YES_ERROR;
				GCC_WARN_UNDECLARED_SELECTOR = YES;
				GCC_WARN_UNINITIALIZED_AUTOS = YES_AGGRESSIVE;
				GCC_WARN_UNUSED_FUNCTION = YES;
				GCC_WARN_UNUSED_VARIABLE = YES;
				IPHONEOS_DEPLOYMENT_TARGET = 18.1;
				LOCALIZATION_PREFERS_STRING_CATALOGS = YES;
				MTL_ENABLE_DEBUG_INFO = NO;
				MTL_FAST_MATH = YES;
				SDKROOT = iphoneos;
				SWIFT_COMPILATION_MODE = wholemodule;
				VALIDATE_PRODUCT = YES;
			};
			name = Release;
		};
		CDDA3F4A2D6D655000BE9A16 /* Debug */ = {
			isa = XCBuildConfiguration;
			buildSettings = {
				BUNDLE_LOADER = "$(TEST_HOST)";
				CODE_SIGN_STYLE = Automatic;
				CURRENT_PROJECT_VERSION = 1;
				DEVELOPMENT_TEAM = 887FRY5FJ3;
				GENERATE_INFOPLIST_FILE = YES;
				IPHONEOS_DEPLOYMENT_TARGET = 18.1;
				MARKETING_VERSION = 1.0;
				PRODUCT_BUNDLE_IDENTIFIER = com.leoio.EnsembleCastTests;
				PRODUCT_NAME = "$(TARGET_NAME)";
				SWIFT_EMIT_LOC_STRINGS = NO;
				SWIFT_VERSION = 5.0;
				TARGETED_DEVICE_FAMILY = "1,2";
				TEST_HOST = "$(BUILT_PRODUCTS_DIR)/EnsembleCast.app/$(BUNDLE_EXECUTABLE_FOLDER_PATH)/EnsembleCast";
			};
			name = Debug;
		};
		CDDA3F4B2D6D655000BE9A16 /* Release */ = {
			isa = XCBuildConfiguration;
			buildSettings = {
				BUNDLE_LOADER = "$(TEST_HOST)";
				CODE_SIGN_STYLE = Automatic;
				CURRENT_PROJECT_VERSION = 1;
				DEVELOPMENT_TEAM = 887FRY5FJ3;
				GENERATE_INFOPLIST_FILE = YES;
				IPHONEOS_DEPLOYMENT_TARGET = 18.1;
				MARKETING_VERSION = 1.0;
				PRODUCT_BUNDLE_IDENTIFIER = com.leoio.EnsembleCastTests;
				PRODUCT_NAME = "$(TARGET_NAME)";
				SWIFT_EMIT_LOC_STRINGS = NO;
				SWIFT_VERSION = 5.0;
				TARGETED_DEVICE_FAMILY = "1,2";
				TEST_HOST = "$(BUILT_PRODUCTS_DIR)/EnsembleCast.app/$(BUNDLE_EXECUTABLE_FOLDER_PATH)/EnsembleCast";
			};
			name = Release;
		};
		CDDA3F4D2D6D655000BE9A16 /* Debug */ = {
			isa = XCBuildConfiguration;
			buildSettings = {
				CODE_SIGN_STYLE = Automatic;
				CURRENT_PROJECT_VERSION = 1;
				DEVELOPMENT_TEAM = 887FRY5FJ3;
				GENERATE_INFOPLIST_FILE = YES;
				MARKETING_VERSION = 1.0;
				PRODUCT_BUNDLE_IDENTIFIER = com.leoio.EnsembleCastUITests;
				PRODUCT_NAME = "$(TARGET_NAME)";
				SWIFT_EMIT_LOC_STRINGS = NO;
				SWIFT_VERSION = 5.0;
				TARGETED_DEVICE_FAMILY = "1,2";
				TEST_TARGET_NAME = EnsembleCast;
			};
			name = Debug;
		};
		CDDA3F4E2D6D655000BE9A16 /* Release */ = {
			isa = XCBuildConfiguration;
			buildSettings = {
				CODE_SIGN_STYLE = Automatic;
				CURRENT_PROJECT_VERSION = 1;
				DEVELOPMENT_TEAM = 887FRY5FJ3;
				GENERATE_INFOPLIST_FILE = YES;
				MARKETING_VERSION = 1.0;
				PRODUCT_BUNDLE_IDENTIFIER = com.leoio.EnsembleCastUITests;
				PRODUCT_NAME = "$(TARGET_NAME)";
				SWIFT_EMIT_LOC_STRINGS = NO;
				SWIFT_VERSION = 5.0;
				TARGETED_DEVICE_FAMILY = "1,2";
				TEST_TARGET_NAME = EnsembleCast;
			};
			name = Release;
		};
/* End XCBuildConfiguration section */

/* Begin XCConfigurationList section */
		CDDA3F162D6D654D00BE9A16 /* Build configuration list for PBXProject "EnsembleCast" */ = {
			isa = XCConfigurationList;
			buildConfigurations = (
				CDDA3F472D6D655000BE9A16 /* Debug */,
				CDDA3F482D6D655000BE9A16 /* Release */,
			);
			defaultConfigurationIsVisible = 0;
			defaultConfigurationName = Release;
		};
		CDDA3F442D6D655000BE9A16 /* Build configuration list for PBXNativeTarget "EnsembleCast" */ = {
			isa = XCConfigurationList;
			buildConfigurations = (
				CDDA3F452D6D655000BE9A16 /* Debug */,
				CDDA3F462D6D655000BE9A16 /* Release */,
			);
			defaultConfigurationIsVisible = 0;
			defaultConfigurationName = Release;
		};
		CDDA3F492D6D655000BE9A16 /* Build configuration list for PBXNativeTarget "EnsembleCastTests" */ = {
			isa = XCConfigurationList;
			buildConfigurations = (
				CDDA3F4A2D6D655000BE9A16 /* Debug */,
				CDDA3F4B2D6D655000BE9A16 /* Release */,
			);
			defaultConfigurationIsVisible = 0;
			defaultConfigurationName = Release;
		};
		CDDA3F4C2D6D655000BE9A16 /* Build configuration list for PBXNativeTarget "EnsembleCastUITests" */ = {
			isa = XCConfigurationList;
			buildConfigurations = (
				CDDA3F4D2D6D655000BE9A16 /* Debug */,
				CDDA3F4E2D6D655000BE9A16 /* Release */,
			);
			defaultConfigurationIsVisible = 0;
			defaultConfigurationName = Release;
		};
/* End XCConfigurationList section */

/* Begin XCRemoteSwiftPackageReference section */
		CD6A2CEA2D9B8917009B2F39 /* XCRemoteSwiftPackageReference "FittedSheets" */ = {
			isa = XCRemoteSwiftPackageReference;
			repositoryURL = "https://github.com/gordontucker/FittedSheets.git";
			requirement = {
				kind = upToNextMajorVersion;
				minimumVersion = 2.7.1;
			};
		};
		CD6A2D322D9D40C9009B2F39 /* XCRemoteSwiftPackageReference "BottomSheet" */ = {
			isa = XCRemoteSwiftPackageReference;
			repositoryURL = "https://github.com/joomcode/BottomSheet";
			requirement = {
				kind = upToNextMajorVersion;
				minimumVersion = 2.0.5;
			};
		};
		CD9F7F4A2D6DD67D0026F9F3 /* XCRemoteSwiftPackageReference "Kingfisher" */ = {
			isa = XCRemoteSwiftPackageReference;
			repositoryURL = "https://github.com/onevcat/Kingfisher";
			requirement = {
				kind = upToNextMajorVersion;
				minimumVersion = 8.2.0;
			};
		};
/* End XCRemoteSwiftPackageReference section */

/* Begin XCSwiftPackageProductDependency section */
		CD6A2CEB2D9B8917009B2F39 /* FittedSheets */ = {
			isa = XCSwiftPackageProductDependency;
			package = CD6A2CEA2D9B8917009B2F39 /* XCRemoteSwiftPackageReference "FittedSheets" */;
			productName = FittedSheets;
		};
		CD6A2D332D9D40C9009B2F39 /* BottomSheet */ = {
			isa = XCSwiftPackageProductDependency;
			package = CD6A2D322D9D40C9009B2F39 /* XCRemoteSwiftPackageReference "BottomSheet" */;
			productName = BottomSheet;
		};
		CD9F7F4B2D6DD67D0026F9F3 /* Kingfisher */ = {
			isa = XCSwiftPackageProductDependency;
			package = CD9F7F4A2D6DD67D0026F9F3 /* XCRemoteSwiftPackageReference "Kingfisher" */;
			productName = Kingfisher;
		};
/* End XCSwiftPackageProductDependency section */
	};
	rootObject = CDDA3F132D6D654D00BE9A16 /* Project object */;
}
